
Microsoft Visual Studio Solution File, Format Version 10.00
# Visual Studio 2008
Project("{8BC9CEB8-8B4A-11D0-8D11-00A0C91BC942}") = "game", "src\game.vcproj", "{04622C6D-C7CD-4511-A00E-005949256FBA}"
	ProjectSection(ProjectDependencies) = postProject
		{282412AE-E42F-4CCE-AA68-7A5952123AA6} = {282412AE-E42F-4CCE-AA68-7A5952123AA6}
	EndProjectSection
EndProject
Project("{8BC9CEB8-8B4A-11D0-8D11-00A0C91BC942}") = "shared", "src\shared.vcproj", "{4CA929A3-1073-4120-AE68-BD7E111F82A3}"
	ProjectSection(ProjectDependencies) = postProject
		{97682C4B-0762-47C9-ACCC-83EA74FA6B71} = {97682C4B-0762-47C9-ACCC-83EA74FA6B71}
		{91245151-4CC8-481A-AC7B-CFE1CB864F65} = {91245151-4CC8-481A-AC7B-CFE1CB864F65}
		{59F78766-EBB2-4E59-B478-DB6420F91A0A} = {59F78766-EBB2-4E59-B478-DB6420F91A0A}
		{4BFC1E80-2428-45B4-9722-EB4169C44B68} = {4BFC1E80-2428-45B4-9722-EB4169C44B68}
		{36BCB3AB-6233-404D-9409-0E31FFE49932} = {36BCB3AB-6233-404D-9409-0E31FFE49932}
	EndProjectSection
EndProject
Project("{8BC9CEB8-8B4A-11D0-8D11-00A0C91BC942}") = "tilegrab", "src\tilegrab.vcproj", "{206EE69C-AC23-42E1-8806-343CECE82B33}"
	ProjectSection(ProjectDependencies) = postProject
		{4CA929A3-1073-4120-AE68-BD7E111F82A3} = {4CA929A3-1073-4120-AE68-BD7E111F82A3}
		{36BCB3AB-6233-404D-9409-0E31FFE49932} = {36BCB3AB-6233-404D-9409-0E31FFE49932}
	EndProjectSection
EndProject
Project("{8BC9CEB8-8B4A-11D0-8D11-00A0C91BC942}") = "libpng", "src\libpng.vcproj", "{36BCB3AB-6233-404D-9409-0E31FFE49932}"
EndProject
Project("{8BC9CEB8-8B4A-11D0-8D11-00A0C91BC942}") = "editor", "src\editor.vcproj", "{20B99344-E067-436D-B0EB-5293ED6E67E3}"
	ProjectSection(ProjectDependencies) = postProject
		{AF213C17-7765-4FEA-8EDF-B266BAECF14B} = {AF213C17-7765-4FEA-8EDF-B266BAECF14B}
		{97682C4B-0762-47C9-ACCC-83EA74FA6B71} = {97682C4B-0762-47C9-ACCC-83EA74FA6B71}
		{91245151-4CC8-481A-AC7B-CFE1CB864F65} = {91245151-4CC8-481A-AC7B-CFE1CB864F65}
		{4BFC1E80-2428-45B4-9722-EB4169C44B68} = {4BFC1E80-2428-45B4-9722-EB4169C44B68}
		{4CA929A3-1073-4120-AE68-BD7E111F82A3} = {4CA929A3-1073-4120-AE68-BD7E111F82A3}
		{282412AE-E42F-4CCE-AA68-7A5952123AA6} = {282412AE-E42F-4CCE-AA68-7A5952123AA6}
	EndProjectSection
EndProject
Project("{8BC9CEB8-8B4A-11D0-8D11-00A0C91BC942}") = "guichan", "src\guichan.vcproj", "{AF213C17-7765-4FEA-8EDF-B266BAECF14B}"
EndProject
Project("{8BC9CEB8-8B4A-11D0-8D11-00A0C91BC942}") = "guichan_ext", "src\guichan_ext.vcproj", "{4BFC1E80-2428-45B4-9722-EB4169C44B68}"
	ProjectSection(ProjectDependencies) = postProject
		{AF213C17-7765-4FEA-8EDF-B266BAECF14B} = {AF213C17-7765-4FEA-8EDF-B266BAECF14B}
	EndProjectSection
EndProject
Project("{8BC9CEB8-8B4A-11D0-8D11-00A0C91BC942}") = "falcon", "src\falcon.vcproj", "{91245151-4CC8-481A-AC7B-CFE1CB864F65}"
EndProject
Project("{8BC9CEB8-8B4A-11D0-8D11-00A0C91BC942}") = "falcon_ext", "src\falcon_ext.vcproj", "{97682C4B-0762-47C9-ACCC-83EA74FA6B71}"
	ProjectSection(ProjectDependencies) = postProject
		{91245151-4CC8-481A-AC7B-CFE1CB864F65} = {91245151-4CC8-481A-AC7B-CFE1CB864F65}
	EndProjectSection
EndProject
Project("{8BC9CEB8-8B4A-11D0-8D11-00A0C91BC942}") = "lvpak", "src\lvpak.vcproj", "{6DC3CA93-C38F-46F8-BC96-FACA963C28E6}"
	ProjectSection(ProjectDependencies) = postProject
		{4CA929A3-1073-4120-AE68-BD7E111F82A3} = {4CA929A3-1073-4120-AE68-BD7E111F82A3}
	EndProjectSection
EndProject
Project("{8BC9CEB8-8B4A-11D0-8D11-00A0C91BC942}") = "gameengine", "src\gameengine.vcproj", "{282412AE-E42F-4CCE-AA68-7A5952123AA6}"
	ProjectSection(ProjectDependencies) = postProject
		{AF213C17-7765-4FEA-8EDF-B266BAECF14B} = {AF213C17-7765-4FEA-8EDF-B266BAECF14B}
		{97682C4B-0762-47C9-ACCC-83EA74FA6B71} = {97682C4B-0762-47C9-ACCC-83EA74FA6B71}
		{91245151-4CC8-481A-AC7B-CFE1CB864F65} = {91245151-4CC8-481A-AC7B-CFE1CB864F65}
		{4CA929A3-1073-4120-AE68-BD7E111F82A3} = {4CA929A3-1073-4120-AE68-BD7E111F82A3}
	EndProjectSection
EndProject
Project("{8BC9CEB8-8B4A-11D0-8D11-00A0C91BC942}") = "tests", "src\tests.vcproj", "{054FFF96-EDA4-4414-84EB-FF8435C8F52A}"
	ProjectSection(ProjectDependencies) = postProject
		{4CA929A3-1073-4120-AE68-BD7E111F82A3} = {4CA929A3-1073-4120-AE68-BD7E111F82A3}
	EndProjectSection
EndProject
Project("{8BC9CEB8-8B4A-11D0-8D11-00A0C91BC942}") = "gme", "src\gme.vcproj", "{59F78766-EBB2-4E59-B478-DB6420F91A0A}"
EndProject
Global
	GlobalSection(SolutionConfigurationPlatforms) = preSolution
		Debug|Win32 = Debug|Win32
		Release|Win32 = Release|Win32
	EndGlobalSection
	GlobalSection(ProjectConfigurationPlatforms) = postSolution
		{04622C6D-C7CD-4511-A00E-005949256FBA}.Debug|Win32.ActiveCfg = Debug|Win32
		{04622C6D-C7CD-4511-A00E-005949256FBA}.Debug|Win32.Build.0 = Debug|Win32
		{04622C6D-C7CD-4511-A00E-005949256FBA}.Release|Win32.ActiveCfg = Release|Win32
		{04622C6D-C7CD-4511-A00E-005949256FBA}.Release|Win32.Build.0 = Release|Win32
		{4CA929A3-1073-4120-AE68-BD7E111F82A3}.Debug|Win32.ActiveCfg = Debug|Win32
		{4CA929A3-1073-4120-AE68-BD7E111F82A3}.Debug|Win32.Build.0 = Debug|Win32
		{4CA929A3-1073-4120-AE68-BD7E111F82A3}.Release|Win32.ActiveCfg = Release|Win32
		{4CA929A3-1073-4120-AE68-BD7E111F82A3}.Release|Win32.Build.0 = Release|Win32
		{206EE69C-AC23-42E1-8806-343CECE82B33}.Debug|Win32.ActiveCfg = Debug|Win32
		{206EE69C-AC23-42E1-8806-343CECE82B33}.Debug|Win32.Build.0 = Debug|Win32
		{206EE69C-AC23-42E1-8806-343CECE82B33}.Release|Win32.ActiveCfg = Release|Win32
		{206EE69C-AC23-42E1-8806-343CECE82B33}.Release|Win32.Build.0 = Release|Win32
		{36BCB3AB-6233-404D-9409-0E31FFE49932}.Debug|Win32.ActiveCfg = Debug|Win32
		{36BCB3AB-6233-404D-9409-0E31FFE49932}.Debug|Win32.Build.0 = Debug|Win32
		{36BCB3AB-6233-404D-9409-0E31FFE49932}.Release|Win32.ActiveCfg = Release|Win32
		{36BCB3AB-6233-404D-9409-0E31FFE49932}.Release|Win32.Build.0 = Release|Win32
		{20B99344-E067-436D-B0EB-5293ED6E67E3}.Debug|Win32.ActiveCfg = Debug|Win32
		{20B99344-E067-436D-B0EB-5293ED6E67E3}.Debug|Win32.Build.0 = Debug|Win32
		{20B99344-E067-436D-B0EB-5293ED6E67E3}.Release|Win32.ActiveCfg = Release|Win32
		{20B99344-E067-436D-B0EB-5293ED6E67E3}.Release|Win32.Build.0 = Release|Win32
		{AF213C17-7765-4FEA-8EDF-B266BAECF14B}.Debug|Win32.ActiveCfg = Debug|Win32
		{AF213C17-7765-4FEA-8EDF-B266BAECF14B}.Debug|Win32.Build.0 = Debug|Win32
		{AF213C17-7765-4FEA-8EDF-B266BAECF14B}.Release|Win32.ActiveCfg = Release|Win32
		{AF213C17-7765-4FEA-8EDF-B266BAECF14B}.Release|Win32.Build.0 = Release|Win32
		{4BFC1E80-2428-45B4-9722-EB4169C44B68}.Debug|Win32.ActiveCfg = Debug|Win32
		{4BFC1E80-2428-45B4-9722-EB4169C44B68}.Debug|Win32.Build.0 = Debug|Win32
		{4BFC1E80-2428-45B4-9722-EB4169C44B68}.Release|Win32.ActiveCfg = Release|Win32
		{4BFC1E80-2428-45B4-9722-EB4169C44B68}.Release|Win32.Build.0 = Release|Win32
		{91245151-4CC8-481A-AC7B-CFE1CB864F65}.Debug|Win32.ActiveCfg = Debug|Win32
		{91245151-4CC8-481A-AC7B-CFE1CB864F65}.Debug|Win32.Build.0 = Debug|Win32
		{91245151-4CC8-481A-AC7B-CFE1CB864F65}.Release|Win32.ActiveCfg = Release|Win32
		{91245151-4CC8-481A-AC7B-CFE1CB864F65}.Release|Win32.Build.0 = Release|Win32
		{97682C4B-0762-47C9-ACCC-83EA74FA6B71}.Debug|Win32.ActiveCfg = Debug|Win32
		{97682C4B-0762-47C9-ACCC-83EA74FA6B71}.Debug|Win32.Build.0 = Debug|Win32
		{97682C4B-0762-47C9-ACCC-83EA74FA6B71}.Release|Win32.ActiveCfg = Release|Win32
		{97682C4B-0762-47C9-ACCC-83EA74FA6B71}.Release|Win32.Build.0 = Release|Win32
		{6DC3CA93-C38F-46F8-BC96-FACA963C28E6}.Debug|Win32.ActiveCfg = Debug|Win32
		{6DC3CA93-C38F-46F8-BC96-FACA963C28E6}.Debug|Win32.Build.0 = Debug|Win32
		{6DC3CA93-C38F-46F8-BC96-FACA963C28E6}.Release|Win32.ActiveCfg = Release|Win32
		{6DC3CA93-C38F-46F8-BC96-FACA963C28E6}.Release|Win32.Build.0 = Release|Win32
		{282412AE-E42F-4CCE-AA68-7A5952123AA6}.Debug|Win32.ActiveCfg = Debug|Win32
		{282412AE-E42F-4CCE-AA68-7A5952123AA6}.Debug|Win32.Build.0 = Debug|Win32
		{282412AE-E42F-4CCE-AA68-7A5952123AA6}.Release|Win32.ActiveCfg = Release|Win32
		{282412AE-E42F-4CCE-AA68-7A5952123AA6}.Release|Win32.Build.0 = Release|Win32
		{054FFF96-EDA4-4414-84EB-FF8435C8F52A}.Debug|Win32.ActiveCfg = Debug|Win32
		{054FFF96-EDA4-4414-84EB-FF8435C8F52A}.Debug|Win32.Build.0 = Debug|Win32
		{054FFF96-EDA4-4414-84EB-FF8435C8F52A}.Release|Win32.ActiveCfg = Release|Win32
		{054FFF96-EDA4-4414-84EB-FF8435C8F52A}.Release|Win32.Build.0 = Release|Win32
		{59F78766-EBB2-4E59-B478-DB6420F91A0A}.Debug|Win32.ActiveCfg = Debug|Win32
		{59F78766-EBB2-4E59-B478-DB6420F91A0A}.Debug|Win32.Build.0 = Debug|Win32
		{59F78766-EBB2-4E59-B478-DB6420F91A0A}.Release|Win32.ActiveCfg = Release|Win32
		{59F78766-EBB2-4E59-B478-DB6420F91A0A}.Release|Win32.Build.0 = Release|Win32
	EndGlobalSection
	GlobalSection(SolutionProperties) = preSolution
		HideSolutionNode = FALSE
	EndGlobalSection
EndGlobal
